
Microsoft Visual Studio Solution File, Format Version 12.00
# Visual Studio Version 16
VisualStudioVersion = 16.0.30204.135
MinimumVisualStudioVersion = 10.0.40219.1
Project("{FAE04EC0-301F-11D3-BF4B-00C04F79EFBC}") = "DomainModel", "DomainModel\DomainModel.csproj", "{95452157-4040-4172-B08E-7E157D20A8C5}"
EndProject
Project("{FAE04EC0-301F-11D3-BF4B-00C04F79EFBC}") = "WebUI", "WebUI\WebUI.csproj", "{8FE00FB5-D639-4B77-B12F-EE31B285C18B}"
EndProject
Project("{FAE04EC0-301F-11D3-BF4B-00C04F79EFBC}") = "Tests", "Tests\Tests.csproj", "{3DCF8914-FF2A-4646-BBCC-58FB87D33865}"
EndProject
Global
	GlobalSection(SolutionConfigurationPlatforms) = preSolution
		Debug|Any CPU = Debug|Any CPU
		Release|Any CPU = Release|Any CPU
	EndGlobalSection
	GlobalSection(ProjectConfigurationPlatforms) = postSolution
		{95452157-4040-4172-B08E-7E157D20A8C5}.Debug|Any CPU.ActiveCfg = Debug|Any CPU
		{95452157-4040-4172-B08E-7E157D20A8C5}.Debug|Any CPU.Build.0 = Debug|Any CPU
		{95452157-4040-4172-B08E-7E157D20A8C5}.Release|Any CPU.ActiveCfg = Release|Any CPU
		{95452157-4040-4172-B08E-7E157D20A8C5}.Release|Any CPU.Build.0 = Release|Any CPU
		{8FE00FB5-D639-4B77-B12F-EE31B285C18B}.Debug|Any CPU.ActiveCfg = Debug|Any CPU
		{8FE00FB5-D639-4B77-B12F-EE31B285C18B}.Debug|Any CPU.Build.0 = Debug|Any CPU
		{8FE00FB5-D639-4B77-B12F-EE31B285C18B}.Release|Any CPU.ActiveCfg = Release|Any CPU
		{8FE00FB5-D639-4B77-B12F-EE31B285C18B}.Release|Any CPU.Build.0 = Release|Any CPU
		{3DCF8914-FF2A-4646-BBCC-58FB87D33865}.Debug|Any CPU.ActiveCfg = Debug|Any CPU
		{3DCF8914-FF2A-4646-BBCC-58FB87D33865}.Debug|Any CPU.Build.0 = Debug|Any CPU
		{3DCF8914-FF2A-4646-BBCC-58FB87D33865}.Release|Any CPU.ActiveCfg = Release|Any CPU
		{3DCF8914-FF2A-4646-BBCC-58FB87D33865}.Release|Any CPU.Build.0 = Release|Any CPU
	EndGlobalSection
	GlobalSection(SolutionProperties) = preSolution
		HideSolutionNode = FALSE
	EndGlobalSection
	GlobalSection(ExtensibilityGlobals) = postSolution
		SolutionGuid = {150E55D7-9776-4A98-AA4E-5E2B2D080F9D}
	EndGlobalSection
EndGlobal
